// !$*UTF8*$!
{
	archiveVersion = 1;
	classes = {
	};
	objectVersion = 46;
	objects = {

/* Begin PBXBuildFile section */
		59763EB91F2607300020CF50 /* XLSearchTextField.swift in Sources */ = {isa = PBXBuildFile; fileRef = 59763EB81F2607300020CF50 /* XLSearchTextField.swift */; };
		59763EBB1F26EB720020CF50 /* UIImage+Color.swift in Sources */ = {isa = PBXBuildFile; fileRef = 59763EBA1F26EB720020CF50 /* UIImage+Color.swift */; };
		59763EBD1F26F1BD0020CF50 /* NSString+Float.swift in Sources */ = {isa = PBXBuildFile; fileRef = 59763EBC1F26F1BD0020CF50 /* NSString+Float.swift */; };
		59A276B21F1E476E009534F4 /* Main.storyboard in Resources */ = {isa = PBXBuildFile; fileRef = 59A276B01F1E476E009534F4 /* Main.storyboard */; };
		59A276B41F1E476E009534F4 /* Assets.xcassets in Resources */ = {isa = PBXBuildFile; fileRef = 59A276B31F1E476E009534F4 /* Assets.xcassets */; };
		59A276B71F1E476E009534F4 /* LaunchScreen.storyboard in Resources */ = {isa = PBXBuildFile; fileRef = 59A276B51F1E476E009534F4 /* LaunchScreen.storyboard */; };
		59A276CD1F1EE50A009534F4 /* AppDelegate.swift in Sources */ = {isa = PBXBuildFile; fileRef = 59A276BF1F1EE50A009534F4 /* AppDelegate.swift */; };
		59A276CE1F1EE50A009534F4 /* ViewController.swift in Sources */ = {isa = PBXBuildFile; fileRef = 59A276C01F1EE50A009534F4 /* ViewController.swift */; };
		59A276D11F1EE50A009534F4 /* UIView+Frame.swift in Sources */ = {isa = PBXBuildFile; fileRef = 59A276C61F1EE50A009534F4 /* UIView+Frame.swift */; };
		59A276D21F1EE50A009534F4 /* XLColorConfig.swift in Sources */ = {isa = PBXBuildFile; fileRef = 59A276C81F1EE50A009534F4 /* XLColorConfig.swift */; };
		59A276D31F1EE50A009534F4 /* XLCustomConfig.swift in Sources */ = {isa = PBXBuildFile; fileRef = 59A276C91F1EE50A009534F4 /* XLCustomConfig.swift */; };
		59A276D41F1EE50A009534F4 /* XLServerConfig.swift in Sources */ = {isa = PBXBuildFile; fileRef = 59A276CA1F1EE50A009534F4 /* XLServerConfig.swift */; };
		59A276DD1F1EE5C2009534F4 /* XLNavigationBarView.swift in Sources */ = {isa = PBXBuildFile; fileRef = 59A276DC1F1EE5C2009534F4 /* XLNavigationBarView.swift */; };
		59A276F51F1EE8AE009534F4 /* XLBasicViewController.swift in Sources */ = {isa = PBXBuildFile; fileRef = 59A276EB1F1EE8AE009534F4 /* XLBasicViewController.swift */; };
		59A276F61F1EE8AE009534F4 /* XLTabBarController.swift in Sources */ = {isa = PBXBuildFile; fileRef = 59A276EC1F1EE8AE009534F4 /* XLTabBarController.swift */; };
		59A276F91F1EEB28009534F4 /* XLCookController.swift in Sources */ = {isa = PBXBuildFile; fileRef = 59A276F81F1EEB28009534F4 /* XLCookController.swift */; };
		59A276FB1F1EEB4F009534F4 /* XLFairController.swift in Sources */ = {isa = PBXBuildFile; fileRef = 59A276FA1F1EEB4F009534F4 /* XLFairController.swift */; };
		59A276FD1F1EEB6C009534F4 /* XLCollectController.swift in Sources */ = {isa = PBXBuildFile; fileRef = 59A276FC1F1EEB6C009534F4 /* XLCollectController.swift */; };
		59A276FF1F1EEB7F009534F4 /* XLMsgController.swift in Sources */ = {isa = PBXBuildFile; fileRef = 59A276FE1F1EEB7F009534F4 /* XLMsgController.swift */; };
		59A277011F1EEB8D009534F4 /* XLMineController.swift in Sources */ = {isa = PBXBuildFile; fileRef = 59A277001F1EEB8D009534F4 /* XLMineController.swift */; };
		59A2772B1F21D7D6009534F4 /* XLSearchViewController.swift in Sources */ = {isa = PBXBuildFile; fileRef = 59A2772A1F21D7D6009534F4 /* XLSearchViewController.swift */; };
		DE142E56BB3AEBCAB4678AC7 /* Pods_XLCook.framework in Frameworks */ = {isa = PBXBuildFile; fileRef = 73514EF037A7D06D7DEF7E2E /* Pods_XLCook.framework */; };
/* End PBXBuildFile section */

/* Begin PBXFileReference section */
		448E7A559904B73578A1D5CB /* Pods-XLCook.debug.xcconfig */ = {isa = PBXFileReference; includeInIndex = 1; lastKnownFileType = text.xcconfig; name = "Pods-XLCook.debug.xcconfig"; path = "Pods/Target Support Files/Pods-XLCook/Pods-XLCook.debug.xcconfig"; sourceTree = "<group>"; };
		59763EB81F2607300020CF50 /* XLSearchTextField.swift */ = {isa = PBXFileReference; fileEncoding = 4; lastKnownFileType = sourcecode.swift; path = XLSearchTextField.swift; sourceTree = "<group>"; };
		59763EBA1F26EB720020CF50 /* UIImage+Color.swift */ = {isa = PBXFileReference; fileEncoding = 4; lastKnownFileType = sourcecode.swift; path = "UIImage+Color.swift"; sourceTree = "<group>"; };
		59763EBC1F26F1BD0020CF50 /* NSString+Float.swift */ = {isa = PBXFileReference; fileEncoding = 4; lastKnownFileType = sourcecode.swift; path = "NSString+Float.swift"; sourceTree = "<group>"; };
		59A276A91F1E476E009534F4 /* XLCook.app */ = {isa = PBXFileReference; explicitFileType = wrapper.application; includeInIndex = 0; path = XLCook.app; sourceTree = BUILT_PRODUCTS_DIR; };
		59A276B11F1E476E009534F4 /* Base */ = {isa = PBXFileReference; lastKnownFileType = file.storyboard; name = Base; path = Base.lproj/Main.storyboard; sourceTree = "<group>"; };
		59A276B31F1E476E009534F4 /* Assets.xcassets */ = {isa = PBXFileReference; lastKnownFileType = folder.assetcatalog; path = Assets.xcassets; sourceTree = "<group>"; };
		59A276B61F1E476E009534F4 /* Base */ = {isa = PBXFileReference; lastKnownFileType = file.storyboard; name = Base; path = Base.lproj/LaunchScreen.storyboard; sourceTree = "<group>"; };
		59A276B81F1E476E009534F4 /* Info.plist */ = {isa = PBXFileReference; lastKnownFileType = text.plist.xml; path = Info.plist; sourceTree = "<group>"; };
		59A276BF1F1EE50A009534F4 /* AppDelegate.swift */ = {isa = PBXFileReference; fileEncoding = 4; lastKnownFileType = sourcecode.swift; path = AppDelegate.swift; sourceTree = "<group>"; };
		59A276C01F1EE50A009534F4 /* ViewController.swift */ = {isa = PBXFileReference; fileEncoding = 4; lastKnownFileType = sourcecode.swift; path = ViewController.swift; sourceTree = "<group>"; };
		59A276C61F1EE50A009534F4 /* UIView+Frame.swift */ = {isa = PBXFileReference; fileEncoding = 4; lastKnownFileType = sourcecode.swift; path = "UIView+Frame.swift"; sourceTree = "<group>"; };
		59A276C81F1EE50A009534F4 /* XLColorConfig.swift */ = {isa = PBXFileReference; fileEncoding = 4; lastKnownFileType = sourcecode.swift; path = XLColorConfig.swift; sourceTree = "<group>"; };
		59A276C91F1EE50A009534F4 /* XLCustomConfig.swift */ = {isa = PBXFileReference; fileEncoding = 4; lastKnownFileType = sourcecode.swift; path = XLCustomConfig.swift; sourceTree = "<group>"; };
		59A276CA1F1EE50A009534F4 /* XLServerConfig.swift */ = {isa = PBXFileReference; fileEncoding = 4; lastKnownFileType = sourcecode.swift; path = XLServerConfig.swift; sourceTree = "<group>"; };
		59A276DC1F1EE5C2009534F4 /* XLNavigationBarView.swift */ = {isa = PBXFileReference; fileEncoding = 4; lastKnownFileType = sourcecode.swift; path = XLNavigationBarView.swift; sourceTree = "<group>"; };
		59A276EB1F1EE8AE009534F4 /* XLBasicViewController.swift */ = {isa = PBXFileReference; fileEncoding = 4; lastKnownFileType = sourcecode.swift; path = XLBasicViewController.swift; sourceTree = "<group>"; };
		59A276EC1F1EE8AE009534F4 /* XLTabBarController.swift */ = {isa = PBXFileReference; fileEncoding = 4; lastKnownFileType = sourcecode.swift; path = XLTabBarController.swift; sourceTree = "<group>"; };
		59A276F71F1EE930009534F4 /* PrefixHeader.pch */ = {isa = PBXFileReference; fileEncoding = 4; lastKnownFileType = sourcecode.c.h; path = PrefixHeader.pch; sourceTree = "<group>"; };
		59A276F81F1EEB28009534F4 /* XLCookController.swift */ = {isa = PBXFileReference; fileEncoding = 4; lastKnownFileType = sourcecode.swift; path = XLCookController.swift; sourceTree = "<group>"; };
		59A276FA1F1EEB4F009534F4 /* XLFairController.swift */ = {isa = PBXFileReference; fileEncoding = 4; lastKnownFileType = sourcecode.swift; path = XLFairController.swift; sourceTree = "<group>"; };
		59A276FC1F1EEB6C009534F4 /* XLCollectController.swift */ = {isa = PBXFileReference; fileEncoding = 4; lastKnownFileType = sourcecode.swift; path = XLCollectController.swift; sourceTree = "<group>"; };
		59A276FE1F1EEB7F009534F4 /* XLMsgController.swift */ = {isa = PBXFileReference; fileEncoding = 4; lastKnownFileType = sourcecode.swift; path = XLMsgController.swift; sourceTree = "<group>"; };
		59A277001F1EEB8D009534F4 /* XLMineController.swift */ = {isa = PBXFileReference; fileEncoding = 4; lastKnownFileType = sourcecode.swift; path = XLMineController.swift; sourceTree = "<group>"; };
		59A277201F1F645E009534F4 /* XLCook_Bridging_Header.h */ = {isa = PBXFileReference; lastKnownFileType = sourcecode.c.h; path = XLCook_Bridging_Header.h; sourceTree = "<group>"; };
		59A2772A1F21D7D6009534F4 /* XLSearchViewController.swift */ = {isa = PBXFileReference; fileEncoding = 4; lastKnownFileType = sourcecode.swift; path = XLSearchViewController.swift; sourceTree = "<group>"; };
		73514EF037A7D06D7DEF7E2E /* Pods_XLCook.framework */ = {isa = PBXFileReference; explicitFileType = wrapper.framework; includeInIndex = 0; path = Pods_XLCook.framework; sourceTree = BUILT_PRODUCTS_DIR; };
		A3C72B366B56682E613239F2 /* Pods-XLCook.release.xcconfig */ = {isa = PBXFileReference; includeInIndex = 1; lastKnownFileType = text.xcconfig; name = "Pods-XLCook.release.xcconfig"; path = "Pods/Target Support Files/Pods-XLCook/Pods-XLCook.release.xcconfig"; sourceTree = "<group>"; };
/* End PBXFileReference section */

/* Begin PBXFrameworksBuildPhase section */
		59A276A61F1E476E009534F4 /* Frameworks */ = {
			isa = PBXFrameworksBuildPhase;
			buildActionMask = 2147483647;
			files = (
				DE142E56BB3AEBCAB4678AC7 /* Pods_XLCook.framework in Frameworks */,
			);
			runOnlyForDeploymentPostprocessing = 0;
		};
/* End PBXFrameworksBuildPhase section */

/* Begin PBXGroup section */
		59A276A01F1E476E009534F4 = {
			isa = PBXGroup;
			children = (
				59A276AB1F1E476E009534F4 /* XLCook */,
				59A276AA1F1E476E009534F4 /* Products */,
				E29C883460BCFA76708FE915 /* Pods */,
				70FAFBB00215B460EEE9013F /* Frameworks */,
			);
			sourceTree = "<group>";
		};
		59A276AA1F1E476E009534F4 /* Products */ = {
			isa = PBXGroup;
			children = (
				59A276A91F1E476E009534F4 /* XLCook.app */,
			);
			name = Products;
			sourceTree = "<group>";
		};
		59A276AB1F1E476E009534F4 /* XLCook */ = {
			isa = PBXGroup;
			children = (
				59A276DB1F1EE54E009534F4 /* Other */,
				59A276D51F1EE549009534F4 /* Class */,
				59A276BE1F1EE50A009534F4 /* Application */,
				59A276C41F1EE50A009534F4 /* Tool */,
				59A276CC1F1EE50A009534F4 /* Vendor */,
			);
			path = XLCook;
			sourceTree = "<group>";
		};
		59A276BE1F1EE50A009534F4 /* Application */ = {
			isa = PBXGroup;
			children = (
				59A276BF1F1EE50A009534F4 /* AppDelegate.swift */,
				59A276C01F1EE50A009534F4 /* ViewController.swift */,
			);
			path = Application;
			sourceTree = "<group>";
		};
		59A276C41F1EE50A009534F4 /* Tool */ = {
			isa = PBXGroup;
			children = (
				59A276C51F1EE50A009534F4 /* Category */,
				59A276C71F1EE50A009534F4 /* Configure */,
				59A276CB1F1EE50A009534F4 /* Util */,
			);
			path = Tool;
			sourceTree = "<group>";
		};
		59A276C51F1EE50A009534F4 /* Category */ = {
			isa = PBXGroup;
			children = (
				59A276C61F1EE50A009534F4 /* UIView+Frame.swift */,
				59763EBA1F26EB720020CF50 /* UIImage+Color.swift */,
				59763EBC1F26F1BD0020CF50 /* NSString+Float.swift */,
			);
			path = Category;
			sourceTree = "<group>";
		};
		59A276C71F1EE50A009534F4 /* Configure */ = {
			isa = PBXGroup;
			children = (
				59A276C81F1EE50A009534F4 /* XLColorConfig.swift */,
				59A276C91F1EE50A009534F4 /* XLCustomConfig.swift */,
				59A276CA1F1EE50A009534F4 /* XLServerConfig.swift */,
			);
			path = Configure;
			sourceTree = "<group>";
		};
		59A276CB1F1EE50A009534F4 /* Util */ = {
			isa = PBXGroup;
			children = (
				59A277291F21D792009534F4 /* XLSearch */,
				59A276DC1F1EE5C2009534F4 /* XLNavigationBarView.swift */,
			);
			path = Util;
			sourceTree = "<group>";
		};
		59A276CC1F1EE50A009534F4 /* Vendor */ = {
			isa = PBXGroup;
			children = (
			);
			path = Vendor;
			sourceTree = "<group>";
		};
		59A276D51F1EE549009534F4 /* Class */ = {
			isa = PBXGroup;
			children = (
				59A276EA1F1EE8AE009534F4 /* Main(主) */,
				59A277041F1F057C009534F4 /* Lead&AD&Login&Regist */,
				59A276E61F1EE8AE009534F4 /* Cook(下厨房) */,
				59A276DE1F1EE8AE009534F4 /*  Fair(市集) */,
				59A276E21F1EE8AE009534F4 /* Collect(收藏) */,
				59A276ED1F1EE8AE009534F4 /* Message(信箱) */,
				59A276F11F1EE8AE009534F4 /* Mine(我的) */,
			);
			path = Class;
			sourceTree = "<group>";
		};
		59A276DB1F1EE54E009534F4 /* Other */ = {
			isa = PBXGroup;
			children = (
				59A277201F1F645E009534F4 /* XLCook_Bridging_Header.h */,
				59A276B01F1E476E009534F4 /* Main.storyboard */,
				59A276F71F1EE930009534F4 /* PrefixHeader.pch */,
				59A276B31F1E476E009534F4 /* Assets.xcassets */,
				59A276B51F1E476E009534F4 /* LaunchScreen.storyboard */,
				59A276B81F1E476E009534F4 /* Info.plist */,
			);
			name = Other;
			sourceTree = "<group>";
		};
		59A276DE1F1EE8AE009534F4 /*  Fair(市集) */ = {
			isa = PBXGroup;
			children = (
				59A276DF1F1EE8AE009534F4 /* Controller */,
				59A276E01F1EE8AE009534F4 /* Model */,
				59A276E11F1EE8AE009534F4 /* View */,
			);
			path = " Fair(市集)";
			sourceTree = "<group>";
		};
		59A276DF1F1EE8AE009534F4 /* Controller */ = {
			isa = PBXGroup;
			children = (
				59A276FA1F1EEB4F009534F4 /* XLFairController.swift */,
			);
			path = Controller;
			sourceTree = "<group>";
		};
		59A276E01F1EE8AE009534F4 /* Model */ = {
			isa = PBXGroup;
			children = (
			);
			path = Model;
			sourceTree = "<group>";
		};
		59A276E11F1EE8AE009534F4 /* View */ = {
			isa = PBXGroup;
			children = (
			);
			path = View;
			sourceTree = "<group>";
		};
		59A276E21F1EE8AE009534F4 /* Collect(收藏) */ = {
			isa = PBXGroup;
			children = (
				59A276E31F1EE8AE009534F4 /* Controller */,
				59A276E41F1EE8AE009534F4 /* Model */,
				59A276E51F1EE8AE009534F4 /* View */,
			);
			path = "Collect(收藏)";
			sourceTree = "<group>";
		};
		59A276E31F1EE8AE009534F4 /* Controller */ = {
			isa = PBXGroup;
			children = (
				59A276FC1F1EEB6C009534F4 /* XLCollectController.swift */,
			);
			path = Controller;
			sourceTree = "<group>";
		};
		59A276E41F1EE8AE009534F4 /* Model */ = {
			isa = PBXGroup;
			children = (
			);
			path = Model;
			sourceTree = "<group>";
		};
		59A276E51F1EE8AE009534F4 /* View */ = {
			isa = PBXGroup;
			children = (
			);
			path = View;
			sourceTree = "<group>";
		};
		59A276E61F1EE8AE009534F4 /* Cook(下厨房) */ = {
			isa = PBXGroup;
			children = (
				59A276E71F1EE8AE009534F4 /* Controller */,
				59A276E81F1EE8AE009534F4 /* Model */,
				59A276E91F1EE8AE009534F4 /* View */,
			);
			path = "Cook(下厨房)";
			sourceTree = "<group>";
		};
		59A276E71F1EE8AE009534F4 /* Controller */ = {
			isa = PBXGroup;
			children = (
				59A276F81F1EEB28009534F4 /* XLCookController.swift */,
			);
			path = Controller;
			sourceTree = "<group>";
		};
		59A276E81F1EE8AE009534F4 /* Model */ = {
			isa = PBXGroup;
			children = (
			);
			path = Model;
			sourceTree = "<group>";
		};
		59A276E91F1EE8AE009534F4 /* View */ = {
			isa = PBXGroup;
			children = (
			);
			path = View;
			sourceTree = "<group>";
		};
		59A276EA1F1EE8AE009534F4 /* Main(主) */ = {
			isa = PBXGroup;
			children = (
				59A276EB1F1EE8AE009534F4 /* XLBasicViewController.swift */,
				59A276EC1F1EE8AE009534F4 /* XLTabBarController.swift */,
			);
			path = "Main(主)";
			sourceTree = "<group>";
		};
		59A276ED1F1EE8AE009534F4 /* Message(信箱) */ = {
			isa = PBXGroup;
			children = (
				59A276EE1F1EE8AE009534F4 /* Controller */,
				59A276EF1F1EE8AE009534F4 /* Model */,
				59A276F01F1EE8AE009534F4 /* View */,
			);
			path = "Message(信箱)";
			sourceTree = "<group>";
		};
		59A276EE1F1EE8AE009534F4 /* Controller */ = {
			isa = PBXGroup;
			children = (
				59A276FE1F1EEB7F009534F4 /* XLMsgController.swift */,
			);
			path = Controller;
			sourceTree = "<group>";
		};
		59A276EF1F1EE8AE009534F4 /* Model */ = {
			isa = PBXGroup;
			children = (
			);
			path = Model;
			sourceTree = "<group>";
		};
		59A276F01F1EE8AE009534F4 /* View */ = {
			isa = PBXGroup;
			children = (
			);
			path = View;
			sourceTree = "<group>";
		};
		59A276F11F1EE8AE009534F4 /* Mine(我的) */ = {
			isa = PBXGroup;
			children = (
				59A276F21F1EE8AE009534F4 /* Controller */,
				59A276F31F1EE8AE009534F4 /* Model */,
				59A276F41F1EE8AE009534F4 /* View */,
			);
			path = "Mine(我的)";
			sourceTree = "<group>";
		};
		59A276F21F1EE8AE009534F4 /* Controller */ = {
			isa = PBXGroup;
			children = (
				59A277001F1EEB8D009534F4 /* XLMineController.swift */,
			);
			path = Controller;
			sourceTree = "<group>";
		};
		59A276F31F1EE8AE009534F4 /* Model */ = {
			isa = PBXGroup;
			children = (
			);
			path = Model;
			sourceTree = "<group>";
		};
		59A276F41F1EE8AE009534F4 /* View */ = {
			isa = PBXGroup;
			children = (
			);
			path = View;
			sourceTree = "<group>";
		};
		59A277041F1F057C009534F4 /* Lead&AD&Login&Regist */ = {
			isa = PBXGroup;
			children = (
				59A277051F1F057D009534F4 /* Controller */,
				59A277061F1F057D009534F4 /* Model */,
				59A277071F1F057D009534F4 /* View */,
			);
			path = "Lead&AD&Login&Regist";
			sourceTree = "<group>";
		};
		59A277051F1F057D009534F4 /* Controller */ = {
			isa = PBXGroup;
			children = (
			);
			path = Controller;
			sourceTree = "<group>";
		};
		59A277061F1F057D009534F4 /* Model */ = {
			isa = PBXGroup;
			children = (
			);
			path = Model;
			sourceTree = "<group>";
		};
		59A277071F1F057D009534F4 /* View */ = {
			isa = PBXGroup;
			children = (
			);
			path = View;
			sourceTree = "<group>";
		};
		59A277291F21D792009534F4 /* XLSearch */ = {
			isa = PBXGroup;
			children = (
				59763EB81F2607300020CF50 /* XLSearchTextField.swift */,
				59A2772A1F21D7D6009534F4 /* XLSearchViewController.swift */,
			);
			path = XLSearch;
			sourceTree = "<group>";
		};
		70FAFBB00215B460EEE9013F /* Frameworks */ = {
			isa = PBXGroup;
			children = (
				73514EF037A7D06D7DEF7E2E /* Pods_XLCook.framework */,
			);
			name = Frameworks;
			sourceTree = "<group>";
		};
		E29C883460BCFA76708FE915 /* Pods */ = {
			isa = PBXGroup;
			children = (
				448E7A559904B73578A1D5CB /* Pods-XLCook.debug.xcconfig */,
				A3C72B366B56682E613239F2 /* Pods-XLCook.release.xcconfig */,
			);
			name = Pods;
			sourceTree = "<group>";
		};
/* End PBXGroup section */

/* Begin PBXNativeTarget section */
		59A276A81F1E476E009534F4 /* XLCook */ = {
			isa = PBXNativeTarget;
			buildConfigurationList = 59A276BB1F1E476E009534F4 /* Build configuration list for PBXNativeTarget "XLCook" */;
			buildPhases = (
				7629E1ADF681469E5DF11654 /* [CP] Check Pods Manifest.lock */,
				59A276A51F1E476E009534F4 /* Sources */,
				59A276A61F1E476E009534F4 /* Frameworks */,
				59A276A71F1E476E009534F4 /* Resources */,
				EEEE529260C35E98AF59C460 /* [CP] Embed Pods Frameworks */,
				4DAB47FADCBEBEDF68C36C6B /* [CP] Copy Pods Resources */,
			);
			buildRules = (
			);
			dependencies = (
			);
			name = XLCook;
			productName = XLCook;
			productReference = 59A276A91F1E476E009534F4 /* XLCook.app */;
			productType = "com.apple.product-type.application";
		};
/* End PBXNativeTarget section */

/* Begin PBXProject section */
		59A276A11F1E476E009534F4 /* Project object */ = {
			isa = PBXProject;
			attributes = {
				CLASSPREFIX = XL;
				LastSwiftUpdateCheck = 0830;
				LastUpgradeCheck = 0830;
				ORGANIZATIONNAME = Beyondream;
				TargetAttributes = {
					59A276A81F1E476E009534F4 = {
						CreatedOnToolsVersion = 8.3.3;
						DevelopmentTeam = EQCKJRGNQ5;
						ProvisioningStyle = Automatic;
					};
				};
			};
			buildConfigurationList = 59A276A41F1E476E009534F4 /* Build configuration list for PBXProject "XLCook" */;
			compatibilityVersion = "Xcode 3.2";
			developmentRegion = English;
			hasScannedForEncodings = 0;
			knownRegions = (
				en,
				Base,
			);
			mainGroup = 59A276A01F1E476E009534F4;
			productRefGroup = 59A276AA1F1E476E009534F4 /* Products */;
			projectDirPath = "";
			projectRoot = "";
			targets = (
				59A276A81F1E476E009534F4 /* XLCook */,
			);
		};
/* End PBXProject section */

/* Begin PBXResourcesBuildPhase section */
		59A276A71F1E476E009534F4 /* Resources */ = {
			isa = PBXResourcesBuildPhase;
			buildActionMask = 2147483647;
			files = (
				59A276B71F1E476E009534F4 /* LaunchScreen.storyboard in Resources */,
				59A276B41F1E476E009534F4 /* Assets.xcassets in Resources */,
				59A276B21F1E476E009534F4 /* Main.storyboard in Resources */,
			);
			runOnlyForDeploymentPostprocessing = 0;
		};
/* End PBXResourcesBuildPhase section */

/* Begin PBXShellScriptBuildPhase section */
		4DAB47FADCBEBEDF68C36C6B /* [CP] Copy Pods Resources */ = {
			isa = PBXShellScriptBuildPhase;
			buildActionMask = 2147483647;
			files = (
			);
			inputPaths = (
			);
			name = "[CP] Copy Pods Resources";
			outputPaths = (
			);
			runOnlyForDeploymentPostprocessing = 0;
			shellPath = /bin/sh;
			shellScript = "\"${SRCROOT}/Pods/Target Support Files/Pods-XLCook/Pods-XLCook-resources.sh\"\n";
			showEnvVarsInLog = 0;
		};
		7629E1ADF681469E5DF11654 /* [CP] Check Pods Manifest.lock */ = {
			isa = PBXShellScriptBuildPhase;
			buildActionMask = 2147483647;
			files = (
			);
			inputPaths = (
			);
			name = "[CP] Check Pods Manifest.lock";
			outputPaths = (
			);
			runOnlyForDeploymentPostprocessing = 0;
			shellPath = /bin/sh;
			shellScript = "diff \"${PODS_PODFILE_DIR_PATH}/Podfile.lock\" \"${PODS_ROOT}/Manifest.lock\" > /dev/null\nif [ $? != 0 ] ; then\n    # print error to STDERR\n    echo \"error: The sandbox is not in sync with the Podfile.lock. Run 'pod install' or update your CocoaPods installation.\" >&2\n    exit 1\nfi\n";
			showEnvVarsInLog = 0;
		};
		EEEE529260C35E98AF59C460 /* [CP] Embed Pods Frameworks */ = {
			isa = PBXShellScriptBuildPhase;
			buildActionMask = 2147483647;
			files = (
			);
			inputPaths = (
			);
			name = "[CP] Embed Pods Frameworks";
			outputPaths = (
			);
			runOnlyForDeploymentPostprocessing = 0;
			shellPath = /bin/sh;
			shellScript = "\"${SRCROOT}/Pods/Target Support Files/Pods-XLCook/Pods-XLCook-frameworks.sh\"\n";
			showEnvVarsInLog = 0;
		};
/* End PBXShellScriptBuildPhase section */

/* Begin PBXSourcesBuildPhase section */
		59A276A51F1E476E009534F4 /* Sources */ = {
			isa = PBXSourcesBuildPhase;
			buildActionMask = 2147483647;
			files = (
				59763EBD1F26F1BD0020CF50 /* NSString+Float.swift in Sources */,
				59A276D41F1EE50A009534F4 /* XLServerConfig.swift in Sources */,
				59A276D31F1EE50A009534F4 /* XLCustomConfig.swift in Sources */,
				59A276D21F1EE50A009534F4 /* XLColorConfig.swift in Sources */,
				59A276F51F1EE8AE009534F4 /* XLBasicViewController.swift in Sources */,
				59A276D11F1EE50A009534F4 /* UIView+Frame.swift in Sources */,
				59763EB91F2607300020CF50 /* XLSearchTextField.swift in Sources */,
				59A276F91F1EEB28009534F4 /* XLCookController.swift in Sources */,
				59A277011F1EEB8D009534F4 /* XLMineController.swift in Sources */,
				59A276FD1F1EEB6C009534F4 /* XLCollectController.swift in Sources */,
				59A276CE1F1EE50A009534F4 /* ViewController.swift in Sources */,
				59A276CD1F1EE50A009534F4 /* AppDelegate.swift in Sources */,
				59A276FF1F1EEB7F009534F4 /* XLMsgController.swift in Sources */,
				59A2772B1F21D7D6009534F4 /* XLSearchViewController.swift in Sources */,
				59A276DD1F1EE5C2009534F4 /* XLNavigationBarView.swift in Sources */,
				59A276F61F1EE8AE009534F4 /* XLTabBarController.swift in Sources */,
				59A276FB1F1EEB4F009534F4 /* XLFairController.swift in Sources */,
				59763EBB1F26EB720020CF50 /* UIImage+Color.swift in Sources */,
			);
			runOnlyForDeploymentPostprocessing = 0;
		};
/* End PBXSourcesBuildPhase section */

/* Begin PBXVariantGroup section */
		59A276B01F1E476E009534F4 /* Main.storyboard */ = {
			isa = PBXVariantGroup;
			children = (
				59A276B11F1E476E009534F4 /* Base */,
			);
			name = Main.storyboard;
			sourceTree = "<group>";
		};
		59A276B51F1E476E009534F4 /* LaunchScreen.storyboard */ = {
			isa = PBXVariantGroup;
			children = (
				59A276B61F1E476E009534F4 /* Base */,
			);
			name = LaunchScreen.storyboard;
			sourceTree = "<group>";
		};
/* End PBXVariantGroup section */

/* Begin XCBuildConfiguration section */
		59A276B91F1E476E009534F4 /* Debug */ = {
			isa = XCBuildConfiguration;
			buildSettings = {
				ALWAYS_SEARCH_USER_PATHS = NO;
				CLANG_ANALYZER_NONNULL = YES;
				CLANG_ANALYZER_NUMBER_OBJECT_CONVERSION = YES_AGGRESSIVE;
				CLANG_CXX_LANGUAGE_STANDARD = "gnu++0x";
				CLANG_CXX_LIBRARY = "libc++";
				CLANG_ENABLE_MODULES = YES;
				CLANG_ENABLE_OBJC_ARC = YES;
				CLANG_WARN_BOOL_CONVERSION = YES;
				CLANG_WARN_CONSTANT_CONVERSION = YES;
				CLANG_WARN_DIRECT_OBJC_ISA_USAGE = YES_ERROR;
				CLANG_WARN_DOCUMENTATION_COMMENTS = YES;
				CLANG_WARN_EMPTY_BODY = YES;
				CLANG_WARN_ENUM_CONVERSION = YES;
				CLANG_WARN_INFINITE_RECURSION = YES;
				CLANG_WARN_INT_CONVERSION = YES;
				CLANG_WARN_OBJC_ROOT_CLASS = YES_ERROR;
				CLANG_WARN_SUSPICIOUS_MOVE = YES;
				CLANG_WARN_UNREACHABLE_CODE = YES;
				CLANG_WARN__DUPLICATE_METHOD_MATCH = YES;
				"CODE_SIGN_IDENTITY[sdk=iphoneos*]" = "iPhone Developer";
				COPY_PHASE_STRIP = NO;
				DEBUG_INFORMATION_FORMAT = dwarf;
				ENABLE_STRICT_OBJC_MSGSEND = YES;
				ENABLE_TESTABILITY = YES;
				GCC_C_LANGUAGE_STANDARD = gnu99;
				GCC_DYNAMIC_NO_PIC = NO;
				GCC_NO_COMMON_BLOCKS = YES;
				GCC_OPTIMIZATION_LEVEL = 0;
				GCC_PREPROCESSOR_DEFINITIONS = (
					"DEBUG=1",
					"$(inherited)",
				);
				GCC_WARN_64_TO_32_BIT_CONVERSION = YES;
				GCC_WARN_ABOUT_RETURN_TYPE = YES_ERROR;
				GCC_WARN_UNDECLARED_SELECTOR = YES;
				GCC_WARN_UNINITIALIZED_AUTOS = YES_AGGRESSIVE;
				GCC_WARN_UNUSED_FUNCTION = YES;
				GCC_WARN_UNUSED_VARIABLE = YES;
				IPHONEOS_DEPLOYMENT_TARGET = 10.3;
				MTL_ENABLE_DEBUG_INFO = YES;
				ONLY_ACTIVE_ARCH = YES;
				SDKROOT = iphoneos;
				SWIFT_ACTIVE_COMPILATION_CONDITIONS = DEBUG;
				SWIFT_OPTIMIZATION_LEVEL = "-Onone";
			};
			name = Debug;
		};
		59A276BA1F1E476E009534F4 /* Release */ = {
			isa = XCBuildConfiguration;
			buildSettings = {
				ALWAYS_SEARCH_USER_PATHS = NO;
				CLANG_ANALYZER_NONNULL = YES;
				CLANG_ANALYZER_NUMBER_OBJECT_CONVERSION = YES_AGGRESSIVE;
				CLANG_CXX_LANGUAGE_STANDARD = "gnu++0x";
				CLANG_CXX_LIBRARY = "libc++";
				CLANG_ENABLE_MODULES = YES;
				CLANG_ENABLE_OBJC_ARC = YES;
				CLANG_WARN_BOOL_CONVERSION = YES;
				CLANG_WARN_CONSTANT_CONVERSION = YES;
				CLANG_WARN_DIRECT_OBJC_ISA_USAGE = YES_ERROR;
				CLANG_WARN_DOCUMENTATION_COMMENTS = YES;
				CLANG_WARN_EMPTY_BODY = YES;
				CLANG_WARN_ENUM_CONVERSION = YES;
				CLANG_WARN_INFINITE_RECURSION = YES;
				CLANG_WARN_INT_CONVERSION = YES;
				CLANG_WARN_OBJC_ROOT_CLASS = YES_ERROR;
				CLANG_WARN_SUSPICIOUS_MOVE = YES;
				CLANG_WARN_UNREACHABLE_CODE = YES;
				CLANG_WARN__DUPLICATE_METHOD_MATCH = YES;
				"CODE_SIGN_IDENTITY[sdk=iphoneos*]" = "iPhone Developer";
				COPY_PHASE_STRIP = NO;
				DEBUG_INFORMATION_FORMAT = "dwarf-with-dsym";
				ENABLE_NS_ASSERTIONS = NO;
				ENABLE_STRICT_OBJC_MSGSEND = YES;
				GCC_C_LANGUAGE_STANDARD = gnu99;
				GCC_NO_COMMON_BLOCKS = YES;
				GCC_WARN_64_TO_32_BIT_CONVERSION = YES;
				GCC_WARN_ABOUT_RETURN_TYPE = YES_ERROR;
				GCC_WARN_UNDECLARED_SELECTOR = YES;
				GCC_WARN_UNINITIALIZED_AUTOS = YES_AGGRESSIVE;
				GCC_WARN_UNUSED_FUNCTION = YES;
				GCC_WARN_UNUSED_VARIABLE = YES;
				IPHONEOS_DEPLOYMENT_TARGET = 10.3;
				MTL_ENABLE_DEBUG_INFO = NO;
				SDKROOT = iphoneos;
				SWIFT_OPTIMIZATION_LEVEL = "-Owholemodule";
				VALIDATE_PRODUCT = YES;
			};
			name = Release;
		};
		59A276BC1F1E476E009534F4 /* Debug */ = {
			isa = XCBuildConfiguration;
			baseConfigurationReference = 448E7A559904B73578A1D5CB /* Pods-XLCook.debug.xcconfig */;
			buildSettings = {
				ASSETCATALOG_COMPILER_APPICON_NAME = AppIcon;
				ASSETCATALOG_COMPILER_LAUNCHIMAGE_NAME = LaunchImage;
				DEVELOPMENT_TEAM = EQCKJRGNQ5;
				GCC_PREFIX_HEADER = "$(SRCROOT)/XLCook/PrefixHeader.pch";
				INFOPLIST_FILE = XLCook/Info.plist;
				IPHONEOS_DEPLOYMENT_TARGET = 8.0;
				LD_RUNPATH_SEARCH_PATHS = "$(inherited) @executable_path/Frameworks";
				PRODUCT_BUNDLE_IDENTIFIER = com.wolf.www.XLCook;
				PRODUCT_NAME = "$(TARGET_NAME)";
				SWIFT_OBJC_BRIDGING_HEADER = XLCook/XLCook_Bridging_Header.h;
				SWIFT_VERSION = 3.0;
			};
			name = Debug;
		};
		59A276BD1F1E476E009534F4 /* Release */ = {
			isa = XCBuildConfiguration;
			baseConfigurationReference = A3C72B366B56682E613239F2 /* Pods-XLCook.release.xcconfig */;
			buildSettings = {
				ASSETCATALOG_COMPILER_APPICON_NAME = AppIcon;
				ASSETCATALOG_COMPILER_LAUNCHIMAGE_NAME = LaunchImage;
				DEVELOPMENT_TEAM = EQCKJRGNQ5;
				GCC_PREFIX_HEADER = "$(SRCROOT)/XLCook/PrefixHeader.pch";
				INFOPLIST_FILE = XLCook/Info.plist;
				IPHONEOS_DEPLOYMENT_TARGET = 8.0;
				LD_RUNPATH_SEARCH_PATHS = "$(inherited) @executable_path/Frameworks";
				PRODUCT_BUNDLE_IDENTIFIER = com.wolf.www.XLCook;
				PRODUCT_NAME = "$(TARGET_NAME)";
				SWIFT_OBJC_BRIDGING_HEADER = XLCook/XLCook_Bridging_Header.h;
				SWIFT_VERSION = 3.0;
			};
			name = Release;
		};
/* End XCBuildConfiguration section */

/* Begin XCConfigurationList section */
		59A276A41F1E476E009534F4 /* Build configuration list for PBXProject "XLCook" */ = {
			isa = XCConfigurationList;
			buildConfigurations = (
				59A276B91F1E476E009534F4 /* Debug */,
				59A276BA1F1E476E009534F4 /* Release */,
			);
			defaultConfigurationIsVisible = 0;
			defaultConfigurationName = Release;
		};
		59A276BB1F1E476E009534F4 /* Build configuration list for PBXNativeTarget "XLCook" */ = {
			isa = XCConfigurationList;
			buildConfigurations = (
				59A276BC1F1E476E009534F4 /* Debug */,
				59A276BD1F1E476E009534F4 /* Release */,
			);
			defaultConfigurationIsVisible = 0;
			defaultConfigurationName = Release;
		};
/* End XCConfigurationList section */
	};
	rootObject = 59A276A11F1E476E009534F4 /* Project object */;
}
